
Microsoft Visual Studio Solution File, Format Version 12.00
# Visual Studio Version 17
VisualStudioVersion = 17.9.34714.143
MinimumVisualStudioVersion = 10.0.40219.1
Project("{FAE04EC0-301F-11D3-BF4B-00C04F79EFBC}") = "PDF_Print_Align", "PDF_Print_Align\PDF_Print_Align.csproj", "{C032826D-AD41-4D04-981F-F1EF0B53CF82}"
EndProject
Global
	GlobalSection(SolutionConfigurationPlatforms) = preSolution
		Debug|Any CPU = Debug|Any CPU
		Release|Any CPU = Release|Any CPU
	EndGlobalSection
	GlobalSection(ProjectConfigurationPlatforms) = postSolution
		{C032826D-AD41-4D04-981F-F1EF0B53CF82}.Debug|Any CPU.ActiveCfg = Debug|Any CPU
		{C032826D-AD41-4D04-981F-F1EF0B53CF82}.Debug|Any CPU.Build.0 = Debug|Any CPU
		{C032826D-AD41-4D04-981F-F1EF0B53CF82}.Release|Any CPU.ActiveCfg = Release|Any CPU
		{C032826D-AD41-4D04-981F-F1EF0B53CF82}.Release|Any CPU.Build.0 = Release|Any CPU
	EndGlobalSection
	GlobalSection(SolutionProperties) = preSolution
		HideSolutionNode = FALSE
	EndGlobalSection
	GlobalSection(ExtensibilityGlobals) = postSolution
		SolutionGuid = {EA464162-D35A-4067-8857-C84CC00E67DE}
	EndGlobalSection
EndGlobal
